<?xml version="1.0" encoding="utf-8"?>
<Project ToolsVersion="4.0" xmlns="http://schemas.microsoft.com/developer/msbuild/2003">
  <ItemGroup>
    <Filter Include="Source Files">
      <UniqueIdentifier>{cfef9acd-3d67-479f-808b-d7a537dc2677}</UniqueIdentifier>
      <Extensions>cpp;c;cxx;rc;def;r;odl;idl;hpj;bat</Extensions>
    </Filter>
    <Filter Include="Header Files">
      <UniqueIdentifier>{81b0922a-cc86-415d-ac5a-56522745419b}</UniqueIdentifier>
      <Extensions>h;hpp;hxx;hm;inl</Extensions>
    </Filter>
    <Filter Include="Resource Files">
      <UniqueIdentifier>{82eac587-e400-46ae-978f-d38595998e10}</UniqueIdentifier>
      <Extensions>ico;cur;bmp;dlg;rc2;rct;bin;cnt;rtf;gif;jpg;jpeg;jpe</Extensions>
    </Filter>
  </ItemGroup>
  <ItemGroup>
    <ClCompile Include="CommentDlg.cpp">
      <Filter>Source Files</Filter>
    </ClCompile>
    <ClCompile Include="Graphic.cpp">
      <Filter>Source Files</Filter>
    </ClCompile>
    <ClCompile Include="Lucia.cpp">
      <Filter>Source Files</Filter>
    </ClCompile>
    <ClCompile Include="LuciaDoc.cpp">
      <Filter>Source Files</Filter>
    </ClCompile>
    <ClCompile Include="LuciaView.cpp">
      <Filter>Source Files</Filter>
    </ClCompile>
    <ClCompile Include="MainFrm.cpp">
      <Filter>Source Files</Filter>
    </ClCompile>
    <ClCompile Include="MeasureDlg.cpp">
      <Filter>Source Files</Filter>
    </ClCompile>
    <ClCompile Include="Meter.cpp">
      <Filter>Source Files</Filter>
    </ClCompile>
    <ClCompile Include="MeterDlg.cpp">
      <Filter>Source Files</Filter>
    </ClCompile>
    <ClCompile Include="Observate.cpp">
      <Filter>Source Files</Filter>
    </ClCompile>
    <ClCompile Include="OperatorDlg.cpp">
      <Filter>Source Files</Filter>
    </ClCompile>
    <ClCompile Include="Port.cpp">
      <Filter>Source Files</Filter>
    </ClCompile>
    <ClCompile Include="StdAfx.cpp">
      <Filter>Source Files</Filter>
    </ClCompile>
  </ItemGroup>
  <ItemGroup>
    <ResourceCompile Include="Lucia.rc">
      <Filter>Source Files</Filter>
    </ResourceCompile>
  </ItemGroup>
  <ItemGroup>
    <ClInclude Include="CommentDlg.h">
      <Filter>Header Files</Filter>
    </ClInclude>
    <ClInclude Include="Graphic.h">
      <Filter>Header Files</Filter>
    </ClInclude>
    <ClInclude Include="Lucia.h">
      <Filter>Header Files</Filter>
    </ClInclude>
    <ClInclude Include="LuciaDoc.h">
      <Filter>Header Files</Filter>
    </ClInclude>
    <ClInclude Include="LuciaView.h">
      <Filter>Header Files</Filter>
    </ClInclude>
    <ClInclude Include="MainFrm.h">
      <Filter>Header Files</Filter>
    </ClInclude>
    <ClInclude Include="MeasureDlg.h">
      <Filter>Header Files</Filter>
    </ClInclude>
    <ClInclude Include="Meter.h">
      <Filter>Header Files</Filter>
    </ClInclude>
    <ClInclude Include="MeterDlg.h">
      <Filter>Header Files</Filter>
    </ClInclude>
    <ClInclude Include="Observate.h">
      <Filter>Header Files</Filter>
    </ClInclude>
    <ClInclude Include="OperatorDlg.h">
      <Filter>Header Files</Filter>
    </ClInclude>
    <ClInclude Include="Port.h">
      <Filter>Header Files</Filter>
    </ClInclude>
    <ClInclude Include="Resource.h">
      <Filter>Header Files</Filter>
    </ClInclude>
    <ClInclude Include="StdAfx.h">
      <Filter>Header Files</Filter>
    </ClInclude>
    <ClInclude Include="Defines.h">
      <Filter>Header Files</Filter>
    </ClInclude>
  </ItemGroup>
  <ItemGroup>
    <Image Include="res\Lucia.ico">
      <Filter>Resource Files</Filter>
    </Image>
    <Image Include="res\LuciaDoc.ico">
      <Filter>Resource Files</Filter>
    </Image>
    <Image Include="res\Toolbar.bmp">
      <Filter>Resource Files</Filter>
    </Image>
  </ItemGroup>
  <ItemGroup>
    <None Include="res\Lucia.rc2">
      <Filter>Resource Files</Filter>
    </None>
    <None Include="Lucia.reg" />
  </ItemGroup>
  <ItemGroup>
    <Text Include="ReadMe.txt" />
  </ItemGroup>
</Project>